// !$*UTF8*$!
{
	archiveVersion = 1;
	classes = {
	};
	objectVersion = 55;
	objects = {

/* Begin PBXBuildFile section */
		4321580B2732C643000B9245 /* AppDelegate.swift in Sources */ = {isa = PBXBuildFile; fileRef = 4321580A2732C643000B9245 /* AppDelegate.swift */; };
		4321580D2732C643000B9245 /* SceneDelegate.swift in Sources */ = {isa = PBXBuildFile; fileRef = 4321580C2732C643000B9245 /* SceneDelegate.swift */; };
		4321580F2732C643000B9245 /* ViewController.swift in Sources */ = {isa = PBXBuildFile; fileRef = 4321580E2732C643000B9245 /* ViewController.swift */; };
		432158122732C643000B9245 /* Main.storyboard in Resources */ = {isa = PBXBuildFile; fileRef = 432158102732C643000B9245 /* Main.storyboard */; };
		432158142732C644000B9245 /* Assets.xcassets in Resources */ = {isa = PBXBuildFile; fileRef = 432158132732C644000B9245 /* Assets.xcassets */; };
		432158172732C644000B9245 /* LaunchScreen.storyboard in Resources */ = {isa = PBXBuildFile; fileRef = 432158152732C644000B9245 /* LaunchScreen.storyboard */; };
		432158222732C644000B9245 /* Squabble_Trivia_Application_NESTests.swift in Sources */ = {isa = PBXBuildFile; fileRef = 432158212732C644000B9245 /* Squabble_Trivia_Application_NESTests.swift */; };
		4321582C2732C644000B9245 /* Squabble_Trivia_Application_NESUITests.swift in Sources */ = {isa = PBXBuildFile; fileRef = 4321582B2732C644000B9245 /* Squabble_Trivia_Application_NESUITests.swift */; };
		4321582E2732C644000B9245 /* Squabble_Trivia_Application_NESUITestsLaunchTests.swift in Sources */ = {isa = PBXBuildFile; fileRef = 4321582D2732C644000B9245 /* Squabble_Trivia_Application_NESUITestsLaunchTests.swift */; };
/* End PBXBuildFile section */

/* Begin PBXContainerItemProxy section */
		4321581E2732C644000B9245 /* PBXContainerItemProxy */ = {
			isa = PBXContainerItemProxy;
			containerPortal = 432157FF2732C643000B9245 /* Project object */;
			proxyType = 1;
			remoteGlobalIDString = 432158062732C643000B9245;
			remoteInfo = "Squabble-Trivia-Application-NES";
		};
		432158282732C644000B9245 /* PBXContainerItemProxy */ = {
			isa = PBXContainerItemProxy;
			containerPortal = 432157FF2732C643000B9245 /* Project object */;
			proxyType = 1;
			remoteGlobalIDString = 432158062732C643000B9245;
			remoteInfo = "Squabble-Trivia-Application-NES";
		};
/* End PBXContainerItemProxy section */

/* Begin PBXFileReference section */
		432158072732C643000B9245 /* Squabble-Trivia-Application-NES.app */ = {isa = PBXFileReference; explicitFileType = wrapper.application; includeInIndex = 0; path = "Squabble-Trivia-Application-NES.app"; sourceTree = BUILT_PRODUCTS_DIR; };
		4321580A2732C643000B9245 /* AppDelegate.swift */ = {isa = PBXFileReference; lastKnownFileType = sourcecode.swift; path = AppDelegate.swift; sourceTree = "<group>"; };
		4321580C2732C643000B9245 /* SceneDelegate.swift */ = {isa = PBXFileReference; lastKnownFileType = sourcecode.swift; path = SceneDelegate.swift; sourceTree = "<group>"; };
		4321580E2732C643000B9245 /* ViewController.swift */ = {isa = PBXFileReference; lastKnownFileType = sourcecode.swift; path = ViewController.swift; sourceTree = "<group>"; };
		432158112732C643000B9245 /* Base */ = {isa = PBXFileReference; lastKnownFileType = file.storyboard; name = Base; path = Base.lproj/Main.storyboard; sourceTree = "<group>"; };
		432158132732C644000B9245 /* Assets.xcassets */ = {isa = PBXFileReference; lastKnownFileType = folder.assetcatalog; path = Assets.xcassets; sourceTree = "<group>"; };
		432158162732C644000B9245 /* Base */ = {isa = PBXFileReference; lastKnownFileType = file.storyboard; name = Base; path = Base.lproj/LaunchScreen.storyboard; sourceTree = "<group>"; };
		432158182732C644000B9245 /* Info.plist */ = {isa = PBXFileReference; lastKnownFileType = text.plist.xml; path = Info.plist; sourceTree = "<group>"; };
		4321581D2732C644000B9245 /* Squabble-Trivia-Application-NESTests.xctest */ = {isa = PBXFileReference; explicitFileType = wrapper.cfbundle; includeInIndex = 0; path = "Squabble-Trivia-Application-NESTests.xctest"; sourceTree = BUILT_PRODUCTS_DIR; };
		432158212732C644000B9245 /* Squabble_Trivia_Application_NESTests.swift */ = {isa = PBXFileReference; lastKnownFileType = sourcecode.swift; path = Squabble_Trivia_Application_NESTests.swift; sourceTree = "<group>"; };
		432158272732C644000B9245 /* Squabble-Trivia-Application-NESUITests.xctest */ = {isa = PBXFileReference; explicitFileType = wrapper.cfbundle; includeInIndex = 0; path = "Squabble-Trivia-Application-NESUITests.xctest"; sourceTree = BUILT_PRODUCTS_DIR; };
		4321582B2732C644000B9245 /* Squabble_Trivia_Application_NESUITests.swift */ = {isa = PBXFileReference; lastKnownFileType = sourcecode.swift; path = Squabble_Trivia_Application_NESUITests.swift; sourceTree = "<group>"; };
		4321582D2732C644000B9245 /* Squabble_Trivia_Application_NESUITestsLaunchTests.swift */ = {isa = PBXFileReference; lastKnownFileType = sourcecode.swift; path = Squabble_Trivia_Application_NESUITestsLaunchTests.swift; sourceTree = "<group>"; };
/* End PBXFileReference section */

/* Begin PBXFrameworksBuildPhase section */
		432158042732C643000B9245 /* Frameworks */ = {
			isa = PBXFrameworksBuildPhase;
			buildActionMask = 2147483647;
			files = (
			);
			runOnlyForDeploymentPostprocessing = 0;
		};
		4321581A2732C644000B9245 /* Frameworks */ = {
			isa = PBXFrameworksBuildPhase;
			buildActionMask = 2147483647;
			files = (
			);
			runOnlyForDeploymentPostprocessing = 0;
		};
		432158242732C644000B9245 /* Frameworks */ = {
			isa = PBXFrameworksBuildPhase;
			buildActionMask = 2147483647;
			files = (
			);
			runOnlyForDeploymentPostprocessing = 0;
		};
/* End PBXFrameworksBuildPhase section */

/* Begin PBXGroup section */
		432157FE2732C643000B9245 = {
			isa = PBXGroup;
			children = (
				432158092732C643000B9245 /* Squabble-Trivia-Application-NES */,
				432158202732C644000B9245 /* Squabble-Trivia-Application-NESTests */,
				4321582A2732C644000B9245 /* Squabble-Trivia-Application-NESUITests */,
				432158082732C643000B9245 /* Products */,
			);
			sourceTree = "<group>";
		};
		432158082732C643000B9245 /* Products */ = {
			isa = PBXGroup;
			children = (
				432158072732C643000B9245 /* Squabble-Trivia-Application-NES.app */,
				4321581D2732C644000B9245 /* Squabble-Trivia-Application-NESTests.xctest */,
				432158272732C644000B9245 /* Squabble-Trivia-Application-NESUITests.xctest */,
			);
			name = Products;
			sourceTree = "<group>";
		};
		432158092732C643000B9245 /* Squabble-Trivia-Application-NES */ = {
			isa = PBXGroup;
			children = (
				4321580A2732C643000B9245 /* AppDelegate.swift */,
				4321580C2732C643000B9245 /* SceneDelegate.swift */,
				4321580E2732C643000B9245 /* ViewController.swift */,
				432158102732C643000B9245 /* Main.storyboard */,
				432158132732C644000B9245 /* Assets.xcassets */,
				432158152732C644000B9245 /* LaunchScreen.storyboard */,
				432158182732C644000B9245 /* Info.plist */,
			);
			path = "Squabble-Trivia-Application-NES";
			sourceTree = "<group>";
		};
		432158202732C644000B9245 /* Squabble-Trivia-Application-NESTests */ = {
			isa = PBXGroup;
			children = (
				432158212732C644000B9245 /* Squabble_Trivia_Application_NESTests.swift */,
			);
			path = "Squabble-Trivia-Application-NESTests";
			sourceTree = "<group>";
		};
		4321582A2732C644000B9245 /* Squabble-Trivia-Application-NESUITests */ = {
			isa = PBXGroup;
			children = (
				4321582B2732C644000B9245 /* Squabble_Trivia_Application_NESUITests.swift */,
				4321582D2732C644000B9245 /* Squabble_Trivia_Application_NESUITestsLaunchTests.swift */,
			);
			path = "Squabble-Trivia-Application-NESUITests";
			sourceTree = "<group>";
		};
/* End PBXGroup section */

/* Begin PBXNativeTarget section */
		432158062732C643000B9245 /* Squabble-Trivia-Application-NES */ = {
			isa = PBXNativeTarget;
			buildConfigurationList = 432158312732C644000B9245 /* Build configuration list for PBXNativeTarget "Squabble-Trivia-Application-NES" */;
			buildPhases = (
				432158032732C643000B9245 /* Sources */,
				432158042732C643000B9245 /* Frameworks */,
				432158052732C643000B9245 /* Resources */,
			);
			buildRules = (
			);
			dependencies = (
			);
			name = "Squabble-Trivia-Application-NES";
			productName = "Squabble-Trivia-Application-NES";
			productReference = 432158072732C643000B9245 /* Squabble-Trivia-Application-NES.app */;
			productType = "com.apple.product-type.application";
		};
		4321581C2732C644000B9245 /* Squabble-Trivia-Application-NESTests */ = {
			isa = PBXNativeTarget;
			buildConfigurationList = 432158342732C644000B9245 /* Build configuration list for PBXNativeTarget "Squabble-Trivia-Application-NESTests" */;
			buildPhases = (
				432158192732C644000B9245 /* Sources */,
				4321581A2732C644000B9245 /* Frameworks */,
				4321581B2732C644000B9245 /* Resources */,
			);
			buildRules = (
			);
			dependencies = (
				4321581F2732C644000B9245 /* PBXTargetDependency */,
			);
			name = "Squabble-Trivia-Application-NESTests";
			productName = "Squabble-Trivia-Application-NESTests";
			productReference = 4321581D2732C644000B9245 /* Squabble-Trivia-Application-NESTests.xctest */;
			productType = "com.apple.product-type.bundle.unit-test";
		};
		432158262732C644000B9245 /* Squabble-Trivia-Application-NESUITests */ = {
			isa = PBXNativeTarget;
			buildConfigurationList = 432158372732C644000B9245 /* Build configuration list for PBXNativeTarget "Squabble-Trivia-Application-NESUITests" */;
			buildPhases = (
				432158232732C644000B9245 /* Sources */,
				432158242732C644000B9245 /* Frameworks */,
				432158252732C644000B9245 /* Resources */,
			);
			buildRules = (
			);
			dependencies = (
				432158292732C644000B9245 /* PBXTargetDependency */,
			);
			name = "Squabble-Trivia-Application-NESUITests";
			productName = "Squabble-Trivia-Application-NESUITests";
			productReference = 432158272732C644000B9245 /* Squabble-Trivia-Application-NESUITests.xctest */;
			productType = "com.apple.product-type.bundle.ui-testing";
		};
/* End PBXNativeTarget section */

/* Begin PBXProject section */
		432157FF2732C643000B9245 /* Project object */ = {
			isa = PBXProject;
			attributes = {
				BuildIndependentTargetsInParallel = 1;
				LastSwiftUpdateCheck = 1300;
				LastUpgradeCheck = 1300;
				TargetAttributes = {
					432158062732C643000B9245 = {
						CreatedOnToolsVersion = 13.0;
					};
					4321581C2732C644000B9245 = {
						CreatedOnToolsVersion = 13.0;
						TestTargetID = 432158062732C643000B9245;
					};
					432158262732C644000B9245 = {
						CreatedOnToolsVersion = 13.0;
						TestTargetID = 432158062732C643000B9245;
					};
				};
			};
			buildConfigurationList = 432158022732C643000B9245 /* Build configuration list for PBXProject "Squabble-Trivia-Application-NES" */;
			compatibilityVersion = "Xcode 13.0";
			developmentRegion = en;
			hasScannedForEncodings = 0;
			knownRegions = (
				en,
				Base,
			);
			mainGroup = 432157FE2732C643000B9245;
			productRefGroup = 432158082732C643000B9245 /* Products */;
			projectDirPath = "";
			projectRoot = "";
			targets = (
				432158062732C643000B9245 /* Squabble-Trivia-Application-NES */,
				4321581C2732C644000B9245 /* Squabble-Trivia-Application-NESTests */,
				432158262732C644000B9245 /* Squabble-Trivia-Application-NESUITests */,
			);
		};
/* End PBXProject section */

/* Begin PBXResourcesBuildPhase section */
		432158052732C643000B9245 /* Resources */ = {
			isa = PBXResourcesBuildPhase;
			buildActionMask = 2147483647;
			files = (
				432158172732C644000B9245 /* LaunchScreen.storyboard in Resources */,
				432158142732C644000B9245 /* Assets.xcassets in Resources */,
				432158122732C643000B9245 /* Main.storyboard in Resources */,
			);
			runOnlyForDeploymentPostprocessing = 0;
		};
		4321581B2732C644000B9245 /* Resources */ = {
			isa = PBXResourcesBuildPhase;
			buildActionMask = 2147483647;
			files = (
			);
			runOnlyForDeploymentPostprocessing = 0;
		};
		432158252732C644000B9245 /* Resources */ = {
			isa = PBXResourcesBuildPhase;
			buildActionMask = 2147483647;
			files = (
			);
			runOnlyForDeploymentPostprocessing = 0;
		};
/* End PBXResourcesBuildPhase section */

/* Begin PBXSourcesBuildPhase section */
		432158032732C643000B9245 /* Sources */ = {
			isa = PBXSourcesBuildPhase;
			buildActionMask = 2147483647;
			files = (
				4321580F2732C643000B9245 /* ViewController.swift in Sources */,
				4321580B2732C643000B9245 /* AppDelegate.swift in Sources */,
				4321580D2732C643000B9245 /* SceneDelegate.swift in Sources */,
			);
			runOnlyForDeploymentPostprocessing = 0;
		};
		432158192732C644000B9245 /* Sources */ = {
			isa = PBXSourcesBuildPhase;
			buildActionMask = 2147483647;
			files = (
				432158222732C644000B9245 /* Squabble_Trivia_Application_NESTests.swift in Sources */,
			);
			runOnlyForDeploymentPostprocessing = 0;
		};
		432158232732C644000B9245 /* Sources */ = {
			isa = PBXSourcesBuildPhase;
			buildActionMask = 2147483647;
			files = (
				4321582E2732C644000B9245 /* Squabble_Trivia_Application_NESUITestsLaunchTests.swift in Sources */,
				4321582C2732C644000B9245 /* Squabble_Trivia_Application_NESUITests.swift in Sources */,
			);
			runOnlyForDeploymentPostprocessing = 0;
		};
/* End PBXSourcesBuildPhase section */

/* Begin PBXTargetDependency section */
		4321581F2732C644000B9245 /* PBXTargetDependency */ = {
			isa = PBXTargetDependency;
			target = 432158062732C643000B9245 /* Squabble-Trivia-Application-NES */;
			targetProxy = 4321581E2732C644000B9245 /* PBXContainerItemProxy */;
		};
		432158292732C644000B9245 /* PBXTargetDependency */ = {
			isa = PBXTargetDependency;
			target = 432158062732C643000B9245 /* Squabble-Trivia-Application-NES */;
			targetProxy = 432158282732C644000B9245 /* PBXContainerItemProxy */;
		};
/* End PBXTargetDependency section */

/* Begin PBXVariantGroup section */
		432158102732C643000B9245 /* Main.storyboard */ = {
			isa = PBXVariantGroup;
			children = (
				432158112732C643000B9245 /* Base */,
			);
			name = Main.storyboard;
			sourceTree = "<group>";
		};
		432158152732C644000B9245 /* LaunchScreen.storyboard */ = {
			isa = PBXVariantGroup;
			children = (
				432158162732C644000B9245 /* Base */,
			);
			name = LaunchScreen.storyboard;
			sourceTree = "<group>";
		};
/* End PBXVariantGroup section */

/* Begin XCBuildConfiguration section */
		4321582F2732C644000B9245 /* Debug */ = {
			isa = XCBuildConfiguration;
			buildSettings = {
				ALWAYS_SEARCH_USER_PATHS = NO;
				CLANG_ANALYZER_NONNULL = YES;
				CLANG_ANALYZER_NUMBER_OBJECT_CONVERSION = YES_AGGRESSIVE;
				CLANG_CXX_LANGUAGE_STANDARD = "gnu++17";
				CLANG_CXX_LIBRARY = "libc++";
				CLANG_ENABLE_MODULES = YES;
				CLANG_ENABLE_OBJC_ARC = YES;
				CLANG_ENABLE_OBJC_WEAK = YES;
				CLANG_WARN_BLOCK_CAPTURE_AUTORELEASING = YES;
				CLANG_WARN_BOOL_CONVERSION = YES;
				CLANG_WARN_COMMA = YES;
				CLANG_WARN_CONSTANT_CONVERSION = YES;
				CLANG_WARN_DEPRECATED_OBJC_IMPLEMENTATIONS = YES;
				CLANG_WARN_DIRECT_OBJC_ISA_USAGE = YES_ERROR;
				CLANG_WARN_DOCUMENTATION_COMMENTS = YES;
				CLANG_WARN_EMPTY_BODY = YES;
				CLANG_WARN_ENUM_CONVERSION = YES;
				CLANG_WARN_INFINITE_RECURSION = YES;
				CLANG_WARN_INT_CONVERSION = YES;
				CLANG_WARN_NON_LITERAL_NULL_CONVERSION = YES;
				CLANG_WARN_OBJC_IMPLICIT_RETAIN_SELF = YES;
				CLANG_WARN_OBJC_LITERAL_CONVERSION = YES;
				CLANG_WARN_OBJC_ROOT_CLASS = YES_ERROR;
				CLANG_WARN_QUOTED_INCLUDE_IN_FRAMEWORK_HEADER = YES;
				CLANG_WARN_RANGE_LOOP_ANALYSIS = YES;
				CLANG_WARN_STRICT_PROTOTYPES = YES;
				CLANG_WARN_SUSPICIOUS_MOVE = YES;
				CLANG_WARN_UNGUARDED_AVAILABILITY = YES_AGGRESSIVE;
				CLANG_WARN_UNREACHABLE_CODE = YES;
				CLANG_WARN__DUPLICATE_METHOD_MATCH = YES;
				COPY_PHASE_STRIP = NO;
				DEBUG_INFORMATION_FORMAT = dwarf;
				ENABLE_STRICT_OBJC_MSGSEND = YES;
				ENABLE_TESTABILITY = YES;
				GCC_C_LANGUAGE_STANDARD = gnu11;
				GCC_DYNAMIC_NO_PIC = NO;
				GCC_NO_COMMON_BLOCKS = YES;
				GCC_OPTIMIZATION_LEVEL = 0;
				GCC_PREPROCESSOR_DEFINITIONS = (
					"DEBUG=1",
					"$(inherited)",
				);
				GCC_WARN_64_TO_32_BIT_CONVERSION = YES;
				GCC_WARN_ABOUT_RETURN_TYPE = YES_ERROR;
				GCC_WARN_UNDECLARED_SELECTOR = YES;
				GCC_WARN_UNINITIALIZED_AUTOS = YES_AGGRESSIVE;
				GCC_WARN_UNUSED_FUNCTION = YES;
				GCC_WARN_UNUSED_VARIABLE = YES;
				IPHONEOS_DEPLOYMENT_TARGET = 15.0;
				MTL_ENABLE_DEBUG_INFO = INCLUDE_SOURCE;
				MTL_FAST_MATH = YES;
				ONLY_ACTIVE_ARCH = YES;
				SDKROOT = iphoneos;
				SWIFT_ACTIVE_COMPILATION_CONDITIONS = DEBUG;
				SWIFT_OPTIMIZATION_LEVEL = "-Onone";
			};
			name = Debug;
		};
		432158302732C644000B9245 /* Release */ = {
			isa = XCBuildConfiguration;
			buildSettings = {
				ALWAYS_SEARCH_USER_PATHS = NO;
				CLANG_ANALYZER_NONNULL = YES;
				CLANG_ANALYZER_NUMBER_OBJECT_CONVERSION = YES_AGGRESSIVE;
				CLANG_CXX_LANGUAGE_STANDARD = "gnu++17";
				CLANG_CXX_LIBRARY = "libc++";
				CLANG_ENABLE_MODULES = YES;
				CLANG_ENABLE_OBJC_ARC = YES;
				CLANG_ENABLE_OBJC_WEAK = YES;
				CLANG_WARN_BLOCK_CAPTURE_AUTORELEASING = YES;
				CLANG_WARN_BOOL_CONVERSION = YES;
				CLANG_WARN_COMMA = YES;
				CLANG_WARN_CONSTANT_CONVERSION = YES;
				CLANG_WARN_DEPRECATED_OBJC_IMPLEMENTATIONS = YES;
				CLANG_WARN_DIRECT_OBJC_ISA_USAGE = YES_ERROR;
				CLANG_WARN_DOCUMENTATION_COMMENTS = YES;
				CLANG_WARN_EMPTY_BODY = YES;
				CLANG_WARN_ENUM_CONVERSION = YES;
				CLANG_WARN_INFINITE_RECURSION = YES;
				CLANG_WARN_INT_CONVERSION = YES;
				CLANG_WARN_NON_LITERAL_NULL_CONVERSION = YES;
				CLANG_WARN_OBJC_IMPLICIT_RETAIN_SELF = YES;
				CLANG_WARN_OBJC_LITERAL_CONVERSION = YES;
				CLANG_WARN_OBJC_ROOT_CLASS = YES_ERROR;
				CLANG_WARN_QUOTED_INCLUDE_IN_FRAMEWORK_HEADER = YES;
				CLANG_WARN_RANGE_LOOP_ANALYSIS = YES;
				CLANG_WARN_STRICT_PROTOTYPES = YES;
				CLANG_WARN_SUSPICIOUS_MOVE = YES;
				CLANG_WARN_UNGUARDED_AVAILABILITY = YES_AGGRESSIVE;
				CLANG_WARN_UNREACHABLE_CODE = YES;
				CLANG_WARN__DUPLICATE_METHOD_MATCH = YES;
				COPY_PHASE_STRIP = NO;
				DEBUG_INFORMATION_FORMAT = "dwarf-with-dsym";
				ENABLE_NS_ASSERTIONS = NO;
				ENABLE_STRICT_OBJC_MSGSEND = YES;
				GCC_C_LANGUAGE_STANDARD = gnu11;
				GCC_NO_COMMON_BLOCKS = YES;
				GCC_WARN_64_TO_32_BIT_CONVERSION = YES;
				GCC_WARN_ABOUT_RETURN_TYPE = YES_ERROR;
				GCC_WARN_UNDECLARED_SELECTOR = YES;
				GCC_WARN_UNINITIALIZED_AUTOS = YES_AGGRESSIVE;
				GCC_WARN_UNUSED_FUNCTION = YES;
				GCC_WARN_UNUSED_VARIABLE = YES;
				IPHONEOS_DEPLOYMENT_TARGET = 15.0;
				MTL_ENABLE_DEBUG_INFO = NO;
				MTL_FAST_MATH = YES;
				SDKROOT = iphoneos;
				SWIFT_COMPILATION_MODE = wholemodule;
				SWIFT_OPTIMIZATION_LEVEL = "-O";
				VALIDATE_PRODUCT = YES;
			};
			name = Release;
		};
		432158322732C644000B9245 /* Debug */ = {
			isa = XCBuildConfiguration;
			buildSettings = {
				ASSETCATALOG_COMPILER_APPICON_NAME = AppIcon;
				ASSETCATALOG_COMPILER_GLOBAL_ACCENT_COLOR_NAME = AccentColor;
				CODE_SIGN_STYLE = Automatic;
				CURRENT_PROJECT_VERSION = 1;
				DEVELOPMENT_TEAM = A44ZPUJ4DY;
				GENERATE_INFOPLIST_FILE = YES;
				INFOPLIST_FILE = "Squabble-Trivia-Application-NES/Info.plist";
				INFOPLIST_KEY_UIApplicationSupportsIndirectInputEvents = YES;
				INFOPLIST_KEY_UILaunchStoryboardName = LaunchScreen;
				INFOPLIST_KEY_UIMainStoryboardFile = Main;
				INFOPLIST_KEY_UISupportedInterfaceOrientations_iPad = "UIInterfaceOrientationPortrait UIInterfaceOrientationPortraitUpsideDown UIInterfaceOrientationLandscapeLeft UIInterfaceOrientationLandscapeRight";
				INFOPLIST_KEY_UISupportedInterfaceOrientations_iPhone = "UIInterfaceOrientationPortrait UIInterfaceOrientationLandscapeLeft UIInterfaceOrientationLandscapeRight";
				LD_RUNPATH_SEARCH_PATHS = (
					"$(inherited)",
					"@executable_path/Frameworks",
				);
				MARKETING_VERSION = 1.0;
				PRODUCT_BUNDLE_IDENTIFIER = "com.nes.application.Squabble-Trivia-Application-NES";
				PRODUCT_NAME = "$(TARGET_NAME)";
				SWIFT_EMIT_LOC_STRINGS = YES;
				SWIFT_VERSION = 5.0;
				TARGETED_DEVICE_FAMILY = "1,2";
			};
			name = Debug;
		};
		432158332732C644000B9245 /* Release */ = {
			isa = XCBuildConfiguration;
			buildSettings = {
				ASSETCATALOG_COMPILER_APPICON_NAME = AppIcon;
				ASSETCATALOG_COMPILER_GLOBAL_ACCENT_COLOR_NAME = AccentColor;
				CODE_SIGN_STYLE = Automatic;
				CURRENT_PROJECT_VERSION = 1;
				DEVELOPMENT_TEAM = A44ZPUJ4DY;
				GENERATE_INFOPLIST_FILE = YES;
				INFOPLIST_FILE = "Squabble-Trivia-Application-NES/Info.plist";
				INFOPLIST_KEY_UIApplicationSupportsIndirectInputEvents = YES;
				INFOPLIST_KEY_UILaunchStoryboardName = LaunchScreen;
				INFOPLIST_KEY_UIMainStoryboardFile = Main;
				INFOPLIST_KEY_UISupportedInterfaceOrientations_iPad = "UIInterfaceOrientationPortrait UIInterfaceOrientationPortraitUpsideDown UIInterfaceOrientationLandscapeLeft UIInterfaceOrientationLandscapeRight";
				INFOPLIST_KEY_UISupportedInterfaceOrientations_iPhone = "UIInterfaceOrientationPortrait UIInterfaceOrientationLandscapeLeft UIInterfaceOrientationLandscapeRight";
				LD_RUNPATH_SEARCH_PATHS = (
					"$(inherited)",
					"@executable_path/Frameworks",
				);
				MARKETING_VERSION = 1.0;
				PRODUCT_BUNDLE_IDENTIFIER = "com.nes.application.Squabble-Trivia-Application-NES";
				PRODUCT_NAME = "$(TARGET_NAME)";
				SWIFT_EMIT_LOC_STRINGS = YES;
				SWIFT_VERSION = 5.0;
				TARGETED_DEVICE_FAMILY = "1,2";
			};
			name = Release;
		};
		432158352732C644000B9245 /* Debug */ = {
			isa = XCBuildConfiguration;
			buildSettings = {
				ALWAYS_EMBED_SWIFT_STANDARD_LIBRARIES = YES;
				BUNDLE_LOADER = "$(TEST_HOST)";
				CODE_SIGN_STYLE = Automatic;
				CURRENT_PROJECT_VERSION = 1;
				DEVELOPMENT_TEAM = A44ZPUJ4DY;
				GENERATE_INFOPLIST_FILE = YES;
				IPHONEOS_DEPLOYMENT_TARGET = 15.0;
				LD_RUNPATH_SEARCH_PATHS = (
					"$(inherited)",
					"@executable_path/Frameworks",
					"@loader_path/Frameworks",
				);
				MARKETING_VERSION = 1.0;
				PRODUCT_BUNDLE_IDENTIFIER = "com.nes.application.Squabble-Trivia-Application-NESTests";
				PRODUCT_NAME = "$(TARGET_NAME)";
				SWIFT_EMIT_LOC_STRINGS = NO;
				SWIFT_VERSION = 5.0;
				TARGETED_DEVICE_FAMILY = "1,2";
				TEST_HOST = "$(BUILT_PRODUCTS_DIR)/Squabble-Trivia-Application-NES.app/Squabble-Trivia-Application-NES";
			};
			name = Debug;
		};
		432158362732C644000B9245 /* Release */ = {
			isa = XCBuildConfiguration;
			buildSettings = {
				ALWAYS_EMBED_SWIFT_STANDARD_LIBRARIES = YES;
				BUNDLE_LOADER = "$(TEST_HOST)";
				CODE_SIGN_STYLE = Automatic;
				CURRENT_PROJECT_VERSION = 1;
				DEVELOPMENT_TEAM = A44ZPUJ4DY;
				GENERATE_INFOPLIST_FILE = YES;
				IPHONEOS_DEPLOYMENT_TARGET = 15.0;
				LD_RUNPATH_SEARCH_PATHS = (
					"$(inherited)",
					"@executable_path/Frameworks",
					"@loader_path/Frameworks",
				);
				MARKETING_VERSION = 1.0;
				PRODUCT_BUNDLE_IDENTIFIER = "com.nes.application.Squabble-Trivia-Application-NESTests";
				PRODUCT_NAME = "$(TARGET_NAME)";
				SWIFT_EMIT_LOC_STRINGS = NO;
				SWIFT_VERSION = 5.0;
				TARGETED_DEVICE_FAMILY = "1,2";
				TEST_HOST = "$(BUILT_PRODUCTS_DIR)/Squabble-Trivia-Application-NES.app/Squabble-Trivia-Application-NES";
			};
			name = Release;
		};
		432158382732C644000B9245 /* Debug */ = {
			isa = XCBuildConfiguration;
			buildSettings = {
				ALWAYS_EMBED_SWIFT_STANDARD_LIBRARIES = YES;
				CODE_SIGN_STYLE = Automatic;
				CURRENT_PROJECT_VERSION = 1;
				DEVELOPMENT_TEAM = A44ZPUJ4DY;
				GENERATE_INFOPLIST_FILE = YES;
				LD_RUNPATH_SEARCH_PATHS = (
					"$(inherited)",
					"@executable_path/Frameworks",
					"@loader_path/Frameworks",
				);
				MARKETING_VERSION = 1.0;
				PRODUCT_BUNDLE_IDENTIFIER = "com.nes.application.Squabble-Trivia-Application-NESUITests";
				PRODUCT_NAME = "$(TARGET_NAME)";
				SWIFT_EMIT_LOC_STRINGS = NO;
				SWIFT_VERSION = 5.0;
				TARGETED_DEVICE_FAMILY = "1,2";
				TEST_TARGET_NAME = "Squabble-Trivia-Application-NES";
			};
			name = Debug;
		};
		432158392732C644000B9245 /* Release */ = {
			isa = XCBuildConfiguration;
			buildSettings = {
				ALWAYS_EMBED_SWIFT_STANDARD_LIBRARIES = YES;
				CODE_SIGN_STYLE = Automatic;
				CURRENT_PROJECT_VERSION = 1;
				DEVELOPMENT_TEAM = A44ZPUJ4DY;
				GENERATE_INFOPLIST_FILE = YES;
				LD_RUNPATH_SEARCH_PATHS = (
					"$(inherited)",
					"@executable_path/Frameworks",
					"@loader_path/Frameworks",
				);
				MARKETING_VERSION = 1.0;
				PRODUCT_BUNDLE_IDENTIFIER = "com.nes.application.Squabble-Trivia-Application-NESUITests";
				PRODUCT_NAME = "$(TARGET_NAME)";
				SWIFT_EMIT_LOC_STRINGS = NO;
				SWIFT_VERSION = 5.0;
				TARGETED_DEVICE_FAMILY = "1,2";
				TEST_TARGET_NAME = "Squabble-Trivia-Application-NES";
			};
			name = Release;
		};
/* End XCBuildConfiguration section */

/* Begin XCConfigurationList section */
		432158022732C643000B9245 /* Build configuration list for PBXProject "Squabble-Trivia-Application-NES" */ = {
			isa = XCConfigurationList;
			buildConfigurations = (
				4321582F2732C644000B9245 /* Debug */,
				432158302732C644000B9245 /* Release */,
			);
			defaultConfigurationIsVisible = 0;
			defaultConfigurationName = Release;
		};
		432158312732C644000B9245 /* Build configuration list for PBXNativeTarget "Squabble-Trivia-Application-NES" */ = {
			isa = XCConfigurationList;
			buildConfigurations = (
				432158322732C644000B9245 /* Debug */,
				432158332732C644000B9245 /* Release */,
			);
			defaultConfigurationIsVisible = 0;
			defaultConfigurationName = Release;
		};
		432158342732C644000B9245 /* Build configuration list for PBXNativeTarget "Squabble-Trivia-Application-NESTests" */ = {
			isa = XCConfigurationList;
			buildConfigurations = (
				432158352732C644000B9245 /* Debug */,
				432158362732C644000B9245 /* Release */,
			);
			defaultConfigurationIsVisible = 0;
			defaultConfigurationName = Release;
		};
		432158372732C644000B9245 /* Build configuration list for PBXNativeTarget "Squabble-Trivia-Application-NESUITests" */ = {
			isa = XCConfigurationList;
			buildConfigurations = (
				432158382732C644000B9245 /* Debug */,
				432158392732C644000B9245 /* Release */,
			);
			defaultConfigurationIsVisible = 0;
			defaultConfigurationName = Release;
		};
/* End XCConfigurationList section */
	};
	rootObject = 432157FF2732C643000B9245 /* Project object */;
}
